<?xml version="1.0" encoding="utf-8"?>
<Project ToolsVersion="4.0" xmlns="http://schemas.microsoft.com/developer/msbuild/2003">
  <ItemGroup>
    <Filter Include="Source Files">
      <UniqueIdentifier>{4FC737F1-C7A5-4376-A066-2A32D752A2FF}</UniqueIdentifier>
      <Extensions>cpp;c;cc;cxx;def;odl;idl;hpj;bat;asm;asmx</Extensions>
    </Filter>
    <Filter Include="Header Files">
      <UniqueIdentifier>{93995380-89BD-4b04-88EB-625FBE52EBFB}</UniqueIdentifier>
      <Extensions>h;hpp;hxx;hm;inl;inc;xsd</Extensions>
    </Filter>
    <Filter Include="Resource Files">
      <UniqueIdentifier>{67DA6AB6-F800-4c08-8B7A-83BB121AAD01}</UniqueIdentifier>
      <Extensions>rc;ico;cur;bmp;dlg;rc2;rct;bin;rgs;gif;jpg;jpeg;jpe;resx;tiff;tif;png;wav;mfcribbon-ms</Extensions>
    </Filter>
    <Filter Include="imgui">
      <UniqueIdentifier>{3063a791-20f2-469b-8e90-7055a44ea4af}</UniqueIdentifier>
    </Filter>
    <Filter Include="Header Files\particle">
      <UniqueIdentifier>{8100ecce-05ed-4182-ac00-3797e8a0c94c}</UniqueIdentifier>
    </Filter>
    <Filter Include="Header Files\imgui">
      <UniqueIdentifier>{373eba8f-1e7a-4611-92be-4df413171243}</UniqueIdentifier>
    </Filter>
    <Filter Include="Source Files\Particles">
      <UniqueIdentifier>{0476b5eb-c6e4-40ba-8244-659e0a2549cf}</UniqueIdentifier>
    </Filter>
    <Filter Include="Source Files\imgui">
      <UniqueIdentifier>{4c6b87d8-348a-404f-ab57-ca60f5469520}</UniqueIdentifier>
    </Filter>
  </ItemGroup>
  <ItemGroup>
    <ClInclude Include="Floor.h">
      <Filter>Header Files</Filter>
    </ClInclude>
    <ClInclude Include="loadTexture.h">
      <Filter>Header Files</Filter>
    </ClInclude>
    <ClInclude Include="Shader.hpp">
      <Filter>Header Files</Filter>
    </ClInclude>
    <ClInclude Include="ShaderManager.hpp">
      <Filter>Header Files</Filter>
    </ClInclude>
    <ClInclude Include="rigibody.hpp">
      <Filter>Header Files</Filter>
    </ClInclude>
    <ClInclude Include="cube.hpp">
      <Filter>Header Files</Filter>
    </ClInclude>
    <ClInclude Include="AABB.hpp">
      <Filter>Header Files</Filter>
    </ClInclude>
    <ClInclude Include="basicParticleGenerator.hpp">
      <Filter>Header Files\particle</Filter>
    </ClInclude>
    <ClInclude Include="basicParticles.hpp">
      <Filter>Header Files\particle</Filter>
    </ClInclude>
    <ClInclude Include="basicParticleUpdaters.hpp">
      <Filter>Header Files\particle</Filter>
    </ClInclude>
    <ClInclude Include="glParticleRenderer.hpp">
      <Filter>Header Files\particle</Filter>
    </ClInclude>
    <ClInclude Include="imconfig.h">
      <Filter>Header Files\imgui</Filter>
    </ClInclude>
    <ClInclude Include="imgui.h">
      <Filter>Header Files\imgui</Filter>
    </ClInclude>
    <ClInclude Include="imgui_impl_glfw.h">
      <Filter>Header Files\imgui</Filter>
    </ClInclude>
    <ClInclude Include="imgui_internal.h">
      <Filter>Header Files\imgui</Filter>
    </ClInclude>
    <ClInclude Include="stb_rect_pack.h">
      <Filter>Header Files\imgui</Filter>
    </ClInclude>
    <ClInclude Include="stb_textedit.h">
      <Filter>Header Files\imgui</Filter>
    </ClInclude>
    <ClInclude Include="stb_truetype.h">
      <Filter>Header Files\imgui</Filter>
    </ClInclude>
    <ClInclude Include="particleSimulater.hpp">
      <Filter>Header Files\particle</Filter>
    </ClInclude>
    <ClInclude Include="GJK.hpp">
      <Filter>Header Files</Filter>
    </ClInclude>
    <ClInclude Include="Shape.hpp">
      <Filter>Header Files</Filter>
    </ClInclude>
  </ItemGroup>
  <ItemGroup>
    <ClCompile Include="main.cpp">
      <Filter>Source Files</Filter>
    </ClCompile>
    <ClCompile Include="Shader.cpp">
      <Filter>Source Files</Filter>
    </ClCompile>
    <ClCompile Include="ShaderManager.cpp">
      <Filter>Source Files</Filter>
    </ClCompile>
    <ClCompile Include="basicParticleGenerator.cpp">
      <Filter>Source Files\Particles</Filter>
    </ClCompile>
    <ClCompile Include="basicParticles.cpp">
      <Filter>Source Files\Particles</Filter>
    </ClCompile>
    <ClCompile Include="basicParticleUpdaters.cpp">
      <Filter>Source Files\Particles</Filter>
    </ClCompile>
    <ClCompile Include="glParticleRenderer.cpp">
      <Filter>Source Files\Particles</Filter>
    </ClCompile>
    <ClCompile Include="imgui.cpp">
      <Filter>Source Files\imgui</Filter>
    </ClCompile>
    <ClCompile Include="imgui_demo.cpp">
      <Filter>Source Files\imgui</Filter>
    </ClCompile>
    <ClCompile Include="imgui_draw.cpp">
      <Filter>Source Files\imgui</Filter>
    </ClCompile>
    <ClCompile Include="imgui_impl_glfw.cpp">
      <Filter>Source Files\imgui</Filter>
    </ClCompile>
  </ItemGroup>
</Project>